// !$*UTF8*$!
{
	archiveVersion = 1;
	classes = {
	};
	objectVersion = 56;
	objects = {

/* Begin PBXBuildFile section */
		7819F00A2936D89700A64670 /* AppDelegate.swift in Sources */ = {isa = PBXBuildFile; fileRef = 7819F0092936D89700A64670 /* AppDelegate.swift */; };
		7819F00C2936D89700A64670 /* SceneDelegate.swift in Sources */ = {isa = PBXBuildFile; fileRef = 7819F00B2936D89700A64670 /* SceneDelegate.swift */; };
		7819F00E2936D89700A64670 /* ViewController.swift in Sources */ = {isa = PBXBuildFile; fileRef = 7819F00D2936D89700A64670 /* ViewController.swift */; };
		7819F0112936D89700A64670 /* Main.storyboard in Resources */ = {isa = PBXBuildFile; fileRef = 7819F00F2936D89700A64670 /* Main.storyboard */; };
		7819F0132936D89800A64670 /* Assets.xcassets in Resources */ = {isa = PBXBuildFile; fileRef = 7819F0122936D89800A64670 /* Assets.xcassets */; };
		7819F0162936D89800A64670 /* LaunchScreen.storyboard in Resources */ = {isa = PBXBuildFile; fileRef = 7819F0142936D89800A64670 /* LaunchScreen.storyboard */; };
		7819F0212936D89800A64670 /* yogaPposeTests.swift in Sources */ = {isa = PBXBuildFile; fileRef = 7819F0202936D89800A64670 /* yogaPposeTests.swift */; };
		7819F02B2936D89800A64670 /* yogaPposeUITests.swift in Sources */ = {isa = PBXBuildFile; fileRef = 7819F02A2936D89800A64670 /* yogaPposeUITests.swift */; };
		7819F02D2936D89800A64670 /* yogaPposeUITestsLaunchTests.swift in Sources */ = {isa = PBXBuildFile; fileRef = 7819F02C2936D89800A64670 /* yogaPposeUITestsLaunchTests.swift */; };
		7819F055293925DB00A64670 /* GradientOverlayView.swift in Sources */ = {isa = PBXBuildFile; fileRef = 7819F0512939221200A64670 /* GradientOverlayView.swift */; };
		7819F057293925E800A64670 /* PoseImageView.swift in Sources */ = {isa = PBXBuildFile; fileRef = 7819F04E2939221200A64670 /* PoseImageView.swift */; };
		7819F0582939262200A64670 /* VideoCapture.swift in Sources */ = {isa = PBXBuildFile; fileRef = 7819F0542939221800A64670 /* VideoCapture.swift */; };
		7819F0592939262400A64670 /* AVCaptureVideoOrientation+Extension.swift in Sources */ = {isa = PBXBuildFile; fileRef = 7819F0532939221800A64670 /* AVCaptureVideoOrientation+Extension.swift */; };
		7819F05A2939262C00A64670 /* ConfigurationViewController.swift in Sources */ = {isa = PBXBuildFile; fileRef = 7819F04F2939221200A64670 /* ConfigurationViewController.swift */; };
		7819F05B2939262E00A64670 /* PopOverModalViewController.swift in Sources */ = {isa = PBXBuildFile; fileRef = 7819F0502939221200A64670 /* PopOverModalViewController.swift */; };
		7819F05C2939263300A64670 /* PoseBuilderConfiguration.swift in Sources */ = {isa = PBXBuildFile; fileRef = 7819F04B2939220E00A64670 /* PoseBuilderConfiguration.swift */; };
		7819F05D2939263500A64670 /* PoseBuilder.swift in Sources */ = {isa = PBXBuildFile; fileRef = 7819F04A2939220E00A64670 /* PoseBuilder.swift */; };
		7819F05E2939263700A64670 /* Pose.swift in Sources */ = {isa = PBXBuildFile; fileRef = 7819F0492939220E00A64670 /* Pose.swift */; };
		7819F05F2939263900A64670 /* PoseBuilder+Single.swift in Sources */ = {isa = PBXBuildFile; fileRef = 7819F0482939220E00A64670 /* PoseBuilder+Single.swift */; };
		7819F0602939263B00A64670 /* PoseBuilder+Multiple.swift in Sources */ = {isa = PBXBuildFile; fileRef = 7819F0472939220E00A64670 /* PoseBuilder+Multiple.swift */; };
		7819F0612939263E00A64670 /* Joint.swift in Sources */ = {isa = PBXBuildFile; fileRef = 7819F0462939220E00A64670 /* Joint.swift */; };
		7819F0622939264200A64670 /* PoseNetOutput.swift in Sources */ = {isa = PBXBuildFile; fileRef = 7819F0412939220700A64670 /* PoseNetOutput.swift */; };
		7819F0632939264400A64670 /* PoseNet.swift in Sources */ = {isa = PBXBuildFile; fileRef = 7819F0422939220700A64670 /* PoseNet.swift */; };
		7819F0642939264600A64670 /* PoseNetInput.swift in Sources */ = {isa = PBXBuildFile; fileRef = 7819F0432939220700A64670 /* PoseNetInput.swift */; };
		7819F0652939265400A64670 /* CGPoint+Extension.swift in Sources */ = {isa = PBXBuildFile; fileRef = 7819F03E293921FB00A64670 /* CGPoint+Extension.swift */; };
		7819F0662939265600A64670 /* CGImage+Extension.swift in Sources */ = {isa = PBXBuildFile; fileRef = 7819F03F293921FB00A64670 /* CGImage+Extension.swift */; };
		7819F06A29392AA400A64670 /* PoseViewController.swift in Sources */ = {isa = PBXBuildFile; fileRef = 7819F06929392AA400A64670 /* PoseViewController.swift */; };
		7819F06E2939669500A64670 /* PoseNetMobileNet075S16FP16.mlmodel in Sources */ = {isa = PBXBuildFile; fileRef = 7819F06D2939669500A64670 /* PoseNetMobileNet075S16FP16.mlmodel */; };
		7819F07A293AA6FC00A64670 /* TableViewController.swift in Sources */ = {isa = PBXBuildFile; fileRef = 7819F079293AA6FC00A64670 /* TableViewController.swift */; };
		7819F07C293AA76300A64670 /* WorkoutsModel.swift in Sources */ = {isa = PBXBuildFile; fileRef = 7819F07B293AA76300A64670 /* WorkoutsModel.swift */; };
		7819F07E293AA81400A64670 /* Workout.swift in Sources */ = {isa = PBXBuildFile; fileRef = 7819F07D293AA81400A64670 /* Workout.swift */; };
		7819F081293AA86E00A64670 /* WorkoutPose.swift in Sources */ = {isa = PBXBuildFile; fileRef = 7819F080293AA86E00A64670 /* WorkoutPose.swift */; };
		7819F083293AB83000A64670 /* TableViewCell.swift in Sources */ = {isa = PBXBuildFile; fileRef = 7819F082293AB83000A64670 /* TableViewCell.swift */; };
		782917CF294682FF00B16CF4 /* UI in Resources */ = {isa = PBXBuildFile; fileRef = 782917CE294682FF00B16CF4 /* UI */; };
		782917D52946831900B16CF4 /* TableViewScoreCell.swift in Sources */ = {isa = PBXBuildFile; fileRef = 782917D22946831900B16CF4 /* TableViewScoreCell.swift */; };
		78C8450D293D611B00A65614 /* YogaPose.swift in Sources */ = {isa = PBXBuildFile; fileRef = 78C8450C293D611A00A65614 /* YogaPose.swift */; };
		78C8450F293D7D5400A65614 /* yogapose.mlmodel in Sources */ = {isa = PBXBuildFile; fileRef = 78C8450E293D7D5400A65614 /* yogapose.mlmodel */; };
		78C845112942D7BA00A65614 /* StartViewController.swift in Sources */ = {isa = PBXBuildFile; fileRef = 78C845102942D7BA00A65614 /* StartViewController.swift */; };
		78D939AE29453F9D003A7777 /* CollectionViewCell.swift in Sources */ = {isa = PBXBuildFile; fileRef = 78D939AC29453F9D003A7777 /* CollectionViewCell.swift */; };
		78D939B1294541F4003A7777 /* TableViewAddCell.swift in Sources */ = {isa = PBXBuildFile; fileRef = 78D939B0294541F4003A7777 /* TableViewAddCell.swift */; };
		78D939B329454BB7003A7777 /* TableViewPoseCell.swift in Sources */ = {isa = PBXBuildFile; fileRef = 78D939B229454BB7003A7777 /* TableViewPoseCell.swift */; };
		78D939B529454D5F003A7777 /* TableViewAddWorkoutController.swift in Sources */ = {isa = PBXBuildFile; fileRef = 78D939B429454D5F003A7777 /* TableViewAddWorkoutController.swift */; };
		78D939B729454DEA003A7777 /* WorkoutBuilder.swift in Sources */ = {isa = PBXBuildFile; fileRef = 78D939B629454DEA003A7777 /* WorkoutBuilder.swift */; };
/* End PBXBuildFile section */

/* Begin PBXContainerItemProxy section */
		7819F01D2936D89800A64670 /* PBXContainerItemProxy */ = {
			isa = PBXContainerItemProxy;
			containerPortal = 7819EFFE2936D89700A64670 /* Project object */;
			proxyType = 1;
			remoteGlobalIDString = 7819F0052936D89700A64670;
			remoteInfo = yogaPpose;
		};
		7819F0272936D89800A64670 /* PBXContainerItemProxy */ = {
			isa = PBXContainerItemProxy;
			containerPortal = 7819EFFE2936D89700A64670 /* Project object */;
			proxyType = 1;
			remoteGlobalIDString = 7819F0052936D89700A64670;
			remoteInfo = yogaPpose;
		};
/* End PBXContainerItemProxy section */

/* Begin PBXFileReference section */
		7819F0062936D89700A64670 /* yogaPpose.app */ = {isa = PBXFileReference; explicitFileType = wrapper.application; includeInIndex = 0; path = yogaPpose.app; sourceTree = BUILT_PRODUCTS_DIR; };
		7819F0092936D89700A64670 /* AppDelegate.swift */ = {isa = PBXFileReference; lastKnownFileType = sourcecode.swift; path = AppDelegate.swift; sourceTree = "<group>"; };
		7819F00B2936D89700A64670 /* SceneDelegate.swift */ = {isa = PBXFileReference; lastKnownFileType = sourcecode.swift; path = SceneDelegate.swift; sourceTree = "<group>"; };
		7819F00D2936D89700A64670 /* ViewController.swift */ = {isa = PBXFileReference; lastKnownFileType = sourcecode.swift; path = ViewController.swift; sourceTree = "<group>"; };
		7819F0102936D89700A64670 /* Base */ = {isa = PBXFileReference; lastKnownFileType = file.storyboard; name = Base; path = Base.lproj/Main.storyboard; sourceTree = "<group>"; };
		7819F0122936D89800A64670 /* Assets.xcassets */ = {isa = PBXFileReference; lastKnownFileType = folder.assetcatalog; path = Assets.xcassets; sourceTree = "<group>"; };
		7819F0152936D89800A64670 /* Base */ = {isa = PBXFileReference; lastKnownFileType = file.storyboard; name = Base; path = Base.lproj/LaunchScreen.storyboard; sourceTree = "<group>"; };
		7819F0172936D89800A64670 /* Info.plist */ = {isa = PBXFileReference; lastKnownFileType = text.plist.xml; path = Info.plist; sourceTree = "<group>"; };
		7819F01C2936D89800A64670 /* yogaPposeTests.xctest */ = {isa = PBXFileReference; explicitFileType = wrapper.cfbundle; includeInIndex = 0; path = yogaPposeTests.xctest; sourceTree = BUILT_PRODUCTS_DIR; };
		7819F0202936D89800A64670 /* yogaPposeTests.swift */ = {isa = PBXFileReference; lastKnownFileType = sourcecode.swift; path = yogaPposeTests.swift; sourceTree = "<group>"; };
		7819F0262936D89800A64670 /* yogaPposeUITests.xctest */ = {isa = PBXFileReference; explicitFileType = wrapper.cfbundle; includeInIndex = 0; path = yogaPposeUITests.xctest; sourceTree = BUILT_PRODUCTS_DIR; };
		7819F02A2936D89800A64670 /* yogaPposeUITests.swift */ = {isa = PBXFileReference; lastKnownFileType = sourcecode.swift; path = yogaPposeUITests.swift; sourceTree = "<group>"; };
		7819F02C2936D89800A64670 /* yogaPposeUITestsLaunchTests.swift */ = {isa = PBXFileReference; lastKnownFileType = sourcecode.swift; path = yogaPposeUITestsLaunchTests.swift; sourceTree = "<group>"; };
		7819F03E293921FB00A64670 /* CGPoint+Extension.swift */ = {isa = PBXFileReference; lastKnownFileType = sourcecode.swift; path = "CGPoint+Extension.swift"; sourceTree = "<group>"; };
		7819F03F293921FB00A64670 /* CGImage+Extension.swift */ = {isa = PBXFileReference; lastKnownFileType = sourcecode.swift; path = "CGImage+Extension.swift"; sourceTree = "<group>"; };
		7819F0412939220700A64670 /* PoseNetOutput.swift */ = {isa = PBXFileReference; lastKnownFileType = sourcecode.swift; path = PoseNetOutput.swift; sourceTree = "<group>"; };
		7819F0422939220700A64670 /* PoseNet.swift */ = {isa = PBXFileReference; lastKnownFileType = sourcecode.swift; path = PoseNet.swift; sourceTree = "<group>"; };
		7819F0432939220700A64670 /* PoseNetInput.swift */ = {isa = PBXFileReference; lastKnownFileType = sourcecode.swift; path = PoseNetInput.swift; sourceTree = "<group>"; };
		7819F0462939220E00A64670 /* Joint.swift */ = {isa = PBXFileReference; lastKnownFileType = sourcecode.swift; path = Joint.swift; sourceTree = "<group>"; };
		7819F0472939220E00A64670 /* PoseBuilder+Multiple.swift */ = {isa = PBXFileReference; lastKnownFileType = sourcecode.swift; path = "PoseBuilder+Multiple.swift"; sourceTree = "<group>"; };
		7819F0482939220E00A64670 /* PoseBuilder+Single.swift */ = {isa = PBXFileReference; lastKnownFileType = sourcecode.swift; path = "PoseBuilder+Single.swift"; sourceTree = "<group>"; };
		7819F0492939220E00A64670 /* Pose.swift */ = {isa = PBXFileReference; lastKnownFileType = sourcecode.swift; path = Pose.swift; sourceTree = "<group>"; };
		7819F04A2939220E00A64670 /* PoseBuilder.swift */ = {isa = PBXFileReference; lastKnownFileType = sourcecode.swift; path = PoseBuilder.swift; sourceTree = "<group>"; };
		7819F04B2939220E00A64670 /* PoseBuilderConfiguration.swift */ = {isa = PBXFileReference; lastKnownFileType = sourcecode.swift; path = PoseBuilderConfiguration.swift; sourceTree = "<group>"; };
		7819F04E2939221200A64670 /* PoseImageView.swift */ = {isa = PBXFileReference; lastKnownFileType = sourcecode.swift; path = PoseImageView.swift; sourceTree = "<group>"; };
		7819F04F2939221200A64670 /* ConfigurationViewController.swift */ = {isa = PBXFileReference; lastKnownFileType = sourcecode.swift; path = ConfigurationViewController.swift; sourceTree = "<group>"; };
		7819F0502939221200A64670 /* PopOverModalViewController.swift */ = {isa = PBXFileReference; lastKnownFileType = sourcecode.swift; path = PopOverModalViewController.swift; sourceTree = "<group>"; };
		7819F0512939221200A64670 /* GradientOverlayView.swift */ = {isa = PBXFileReference; lastKnownFileType = sourcecode.swift; path = GradientOverlayView.swift; sourceTree = "<group>"; };
		7819F0532939221800A64670 /* AVCaptureVideoOrientation+Extension.swift */ = {isa = PBXFileReference; lastKnownFileType = sourcecode.swift; path = "AVCaptureVideoOrientation+Extension.swift"; sourceTree = "<group>"; };
		7819F0542939221800A64670 /* VideoCapture.swift */ = {isa = PBXFileReference; lastKnownFileType = sourcecode.swift; path = VideoCapture.swift; sourceTree = "<group>"; };
		7819F06929392AA400A64670 /* PoseViewController.swift */ = {isa = PBXFileReference; fileEncoding = 4; lastKnownFileType = sourcecode.swift; path = PoseViewController.swift; sourceTree = "<group>"; };
		7819F06D2939669500A64670 /* PoseNetMobileNet075S16FP16.mlmodel */ = {isa = PBXFileReference; lastKnownFileType = file.mlmodel; path = PoseNetMobileNet075S16FP16.mlmodel; sourceTree = "<group>"; };
		7819F079293AA6FC00A64670 /* TableViewController.swift */ = {isa = PBXFileReference; fileEncoding = 4; lastKnownFileType = sourcecode.swift; path = TableViewController.swift; sourceTree = "<group>"; };
		7819F07B293AA76300A64670 /* WorkoutsModel.swift */ = {isa = PBXFileReference; lastKnownFileType = sourcecode.swift; path = WorkoutsModel.swift; sourceTree = "<group>"; };
		7819F07D293AA81400A64670 /* Workout.swift */ = {isa = PBXFileReference; lastKnownFileType = sourcecode.swift; path = Workout.swift; sourceTree = "<group>"; };
		7819F080293AA86E00A64670 /* WorkoutPose.swift */ = {isa = PBXFileReference; lastKnownFileType = sourcecode.swift; path = WorkoutPose.swift; sourceTree = "<group>"; };
		7819F082293AB83000A64670 /* TableViewCell.swift */ = {isa = PBXFileReference; lastKnownFileType = sourcecode.swift; path = TableViewCell.swift; sourceTree = "<group>"; };
		782917CE294682FF00B16CF4 /* UI */ = {isa = PBXFileReference; lastKnownFileType = folder; path = UI; sourceTree = "<group>"; };
		782917D22946831900B16CF4 /* TableViewScoreCell.swift */ = {isa = PBXFileReference; fileEncoding = 4; lastKnownFileType = sourcecode.swift; path = TableViewScoreCell.swift; sourceTree = "<group>"; };
		78C8450C293D611A00A65614 /* YogaPose.swift */ = {isa = PBXFileReference; lastKnownFileType = sourcecode.swift; path = YogaPose.swift; sourceTree = "<group>"; };
		78C8450E293D7D5400A65614 /* yogapose.mlmodel */ = {isa = PBXFileReference; lastKnownFileType = file.mlmodel; path = yogapose.mlmodel; sourceTree = "<group>"; };
		78C845102942D7BA00A65614 /* StartViewController.swift */ = {isa = PBXFileReference; lastKnownFileType = sourcecode.swift; path = StartViewController.swift; sourceTree = "<group>"; };
		78D939AC29453F9D003A7777 /* CollectionViewCell.swift */ = {isa = PBXFileReference; fileEncoding = 4; lastKnownFileType = sourcecode.swift; path = CollectionViewCell.swift; sourceTree = "<group>"; };
		78D939B0294541F4003A7777 /* TableViewAddCell.swift */ = {isa = PBXFileReference; lastKnownFileType = sourcecode.swift; path = TableViewAddCell.swift; sourceTree = "<group>"; };
		78D939B229454BB7003A7777 /* TableViewPoseCell.swift */ = {isa = PBXFileReference; lastKnownFileType = sourcecode.swift; path = TableViewPoseCell.swift; sourceTree = "<group>"; };
		78D939B429454D5F003A7777 /* TableViewAddWorkoutController.swift */ = {isa = PBXFileReference; lastKnownFileType = sourcecode.swift; path = TableViewAddWorkoutController.swift; sourceTree = "<group>"; };
		78D939B629454DEA003A7777 /* WorkoutBuilder.swift */ = {isa = PBXFileReference; lastKnownFileType = sourcecode.swift; path = WorkoutBuilder.swift; sourceTree = "<group>"; };
/* End PBXFileReference section */

/* Begin PBXFrameworksBuildPhase section */
		7819F0032936D89700A64670 /* Frameworks */ = {
			isa = PBXFrameworksBuildPhase;
			buildActionMask = 2147483647;
			files = (
			);
			runOnlyForDeploymentPostprocessing = 0;
		};
		7819F0192936D89800A64670 /* Frameworks */ = {
			isa = PBXFrameworksBuildPhase;
			buildActionMask = 2147483647;
			files = (
			);
			runOnlyForDeploymentPostprocessing = 0;
		};
		7819F0232936D89800A64670 /* Frameworks */ = {
			isa = PBXFrameworksBuildPhase;
			buildActionMask = 2147483647;
			files = (
			);
			runOnlyForDeploymentPostprocessing = 0;
		};
/* End PBXFrameworksBuildPhase section */

/* Begin PBXGroup section */
		7819EFFD2936D89700A64670 = {
			isa = PBXGroup;
			children = (
				7819F0082936D89700A64670 /* yogaPpose */,
				7819F01F2936D89800A64670 /* yogaPposeTests */,
				7819F0292936D89800A64670 /* yogaPposeUITests */,
				7819F0072936D89700A64670 /* Products */,
			);
			sourceTree = "<group>";
		};
		7819F0072936D89700A64670 /* Products */ = {
			isa = PBXGroup;
			children = (
				7819F0062936D89700A64670 /* yogaPpose.app */,
				7819F01C2936D89800A64670 /* yogaPposeTests.xctest */,
				7819F0262936D89800A64670 /* yogaPposeUITests.xctest */,
			);
			name = Products;
			sourceTree = "<group>";
		};
		7819F0082936D89700A64670 /* yogaPpose */ = {
			isa = PBXGroup;
			children = (
				7819F07F293AA81E00A64670 /* Workout */,
				7819F03D293921FB00A64670 /* Extensions+Types */,
				7819F0402939220700A64670 /* Model */,
				7819F0452939220E00A64670 /* Pose */,
				7819F04C2939221200A64670 /* UI */,
				7819F0522939221800A64670 /* Utils */,
				7819F0092936D89700A64670 /* AppDelegate.swift */,
				7819F00B2936D89700A64670 /* SceneDelegate.swift */,
				7819F00F2936D89700A64670 /* Main.storyboard */,
				782917CE294682FF00B16CF4 /* UI */,
				7819F0122936D89800A64670 /* Assets.xcassets */,
				7819F0142936D89800A64670 /* LaunchScreen.storyboard */,
				7819F0172936D89800A64670 /* Info.plist */,
			);
			path = yogaPpose;
			sourceTree = "<group>";
		};
		7819F01F2936D89800A64670 /* yogaPposeTests */ = {
			isa = PBXGroup;
			children = (
				7819F0202936D89800A64670 /* yogaPposeTests.swift */,
			);
			path = yogaPposeTests;
			sourceTree = "<group>";
		};
		7819F0292936D89800A64670 /* yogaPposeUITests */ = {
			isa = PBXGroup;
			children = (
				7819F02A2936D89800A64670 /* yogaPposeUITests.swift */,
				7819F02C2936D89800A64670 /* yogaPposeUITestsLaunchTests.swift */,
			);
			path = yogaPposeUITests;
			sourceTree = "<group>";
		};
		7819F03D293921FB00A64670 /* Extensions+Types */ = {
			isa = PBXGroup;
			children = (
				7819F03E293921FB00A64670 /* CGPoint+Extension.swift */,
				7819F03F293921FB00A64670 /* CGImage+Extension.swift */,
			);
			path = "Extensions+Types";
			sourceTree = "<group>";
		};
		7819F0402939220700A64670 /* Model */ = {
			isa = PBXGroup;
			children = (
				78C8450E293D7D5400A65614 /* yogapose.mlmodel */,
				7819F06D2939669500A64670 /* PoseNetMobileNet075S16FP16.mlmodel */,
				7819F0412939220700A64670 /* PoseNetOutput.swift */,
				7819F0422939220700A64670 /* PoseNet.swift */,
				7819F0432939220700A64670 /* PoseNetInput.swift */,
				78C8450C293D611A00A65614 /* YogaPose.swift */,
			);
			path = Model;
			sourceTree = "<group>";
		};
		7819F0452939220E00A64670 /* Pose */ = {
			isa = PBXGroup;
			children = (
				7819F0462939220E00A64670 /* Joint.swift */,
				7819F0472939220E00A64670 /* PoseBuilder+Multiple.swift */,
				7819F0482939220E00A64670 /* PoseBuilder+Single.swift */,
				7819F0492939220E00A64670 /* Pose.swift */,
				7819F04A2939220E00A64670 /* PoseBuilder.swift */,
				7819F04B2939220E00A64670 /* PoseBuilderConfiguration.swift */,
			);
			path = Pose;
			sourceTree = "<group>";
		};
		7819F04C2939221200A64670 /* UI */ = {
			isa = PBXGroup;
			children = (
				782917D22946831900B16CF4 /* TableViewScoreCell.swift */,
				78D939AC29453F9D003A7777 /* CollectionViewCell.swift */,
				7819F079293AA6FC00A64670 /* TableViewController.swift */,
				7819F06929392AA400A64670 /* PoseViewController.swift */,
				7819F00D2936D89700A64670 /* ViewController.swift */,
				7819F04E2939221200A64670 /* PoseImageView.swift */,
				7819F04F2939221200A64670 /* ConfigurationViewController.swift */,
				7819F0502939221200A64670 /* PopOverModalViewController.swift */,
				7819F0512939221200A64670 /* GradientOverlayView.swift */,
				7819F082293AB83000A64670 /* TableViewCell.swift */,
				78C845102942D7BA00A65614 /* StartViewController.swift */,
				78D939B0294541F4003A7777 /* TableViewAddCell.swift */,
				78D939B229454BB7003A7777 /* TableViewPoseCell.swift */,
				78D939B429454D5F003A7777 /* TableViewAddWorkoutController.swift */,
			);
			path = UI;
			sourceTree = "<group>";
		};
		7819F0522939221800A64670 /* Utils */ = {
			isa = PBXGroup;
			children = (
				7819F0532939221800A64670 /* AVCaptureVideoOrientation+Extension.swift */,
				7819F0542939221800A64670 /* VideoCapture.swift */,
			);
			path = Utils;
			sourceTree = "<group>";
		};
		7819F07F293AA81E00A64670 /* Workout */ = {
			isa = PBXGroup;
			children = (
				7819F07B293AA76300A64670 /* WorkoutsModel.swift */,
				7819F07D293AA81400A64670 /* Workout.swift */,
				7819F080293AA86E00A64670 /* WorkoutPose.swift */,
				78D939B629454DEA003A7777 /* WorkoutBuilder.swift */,
			);
			path = Workout;
			sourceTree = "<group>";
		};
/* End PBXGroup section */

/* Begin PBXNativeTarget section */
		7819F0052936D89700A64670 /* yogaPpose */ = {
			isa = PBXNativeTarget;
			buildConfigurationList = 7819F0302936D89800A64670 /* Build configuration list for PBXNativeTarget "yogaPpose" */;
			buildPhases = (
				7819F0022936D89700A64670 /* Sources */,
				7819F0032936D89700A64670 /* Frameworks */,
				7819F0042936D89700A64670 /* Resources */,
			);
			buildRules = (
			);
			dependencies = (
			);
			name = yogaPpose;
			productName = yogaPpose;
			productReference = 7819F0062936D89700A64670 /* yogaPpose.app */;
			productType = "com.apple.product-type.application";
		};
		7819F01B2936D89800A64670 /* yogaPposeTests */ = {
			isa = PBXNativeTarget;
			buildConfigurationList = 7819F0332936D89800A64670 /* Build configuration list for PBXNativeTarget "yogaPposeTests" */;
			buildPhases = (
				7819F0182936D89800A64670 /* Sources */,
				7819F0192936D89800A64670 /* Frameworks */,
				7819F01A2936D89800A64670 /* Resources */,
			);
			buildRules = (
			);
			dependencies = (
				7819F01E2936D89800A64670 /* PBXTargetDependency */,
			);
			name = yogaPposeTests;
			productName = yogaPposeTests;
			productReference = 7819F01C2936D89800A64670 /* yogaPposeTests.xctest */;
			productType = "com.apple.product-type.bundle.unit-test";
		};
		7819F0252936D89800A64670 /* yogaPposeUITests */ = {
			isa = PBXNativeTarget;
			buildConfigurationList = 7819F0362936D89800A64670 /* Build configuration list for PBXNativeTarget "yogaPposeUITests" */;
			buildPhases = (
				7819F0222936D89800A64670 /* Sources */,
				7819F0232936D89800A64670 /* Frameworks */,
				7819F0242936D89800A64670 /* Resources */,
			);
			buildRules = (
			);
			dependencies = (
				7819F0282936D89800A64670 /* PBXTargetDependency */,
			);
			name = yogaPposeUITests;
			productName = yogaPposeUITests;
			productReference = 7819F0262936D89800A64670 /* yogaPposeUITests.xctest */;
			productType = "com.apple.product-type.bundle.ui-testing";
		};
/* End PBXNativeTarget section */

/* Begin PBXProject section */
		7819EFFE2936D89700A64670 /* Project object */ = {
			isa = PBXProject;
			attributes = {
				BuildIndependentTargetsInParallel = 1;
				LastSwiftUpdateCheck = 1410;
				LastUpgradeCheck = 1410;
				TargetAttributes = {
					7819F0052936D89700A64670 = {
						CreatedOnToolsVersion = 14.1;
					};
					7819F01B2936D89800A64670 = {
						CreatedOnToolsVersion = 14.1;
						TestTargetID = 7819F0052936D89700A64670;
					};
					7819F0252936D89800A64670 = {
						CreatedOnToolsVersion = 14.1;
						TestTargetID = 7819F0052936D89700A64670;
					};
				};
			};
			buildConfigurationList = 7819F0012936D89700A64670 /* Build configuration list for PBXProject "yogaPpose" */;
			compatibilityVersion = "Xcode 14.0";
			developmentRegion = en;
			hasScannedForEncodings = 0;
			knownRegions = (
				en,
				Base,
			);
			mainGroup = 7819EFFD2936D89700A64670;
			productRefGroup = 7819F0072936D89700A64670 /* Products */;
			projectDirPath = "";
			projectRoot = "";
			targets = (
				7819F0052936D89700A64670 /* yogaPpose */,
				7819F01B2936D89800A64670 /* yogaPposeTests */,
				7819F0252936D89800A64670 /* yogaPposeUITests */,
			);
		};
/* End PBXProject section */

/* Begin PBXResourcesBuildPhase section */
		7819F0042936D89700A64670 /* Resources */ = {
			isa = PBXResourcesBuildPhase;
			buildActionMask = 2147483647;
			files = (
				782917CF294682FF00B16CF4 /* UI in Resources */,
				7819F0162936D89800A64670 /* LaunchScreen.storyboard in Resources */,
				7819F0132936D89800A64670 /* Assets.xcassets in Resources */,
				7819F0112936D89700A64670 /* Main.storyboard in Resources */,
			);
			runOnlyForDeploymentPostprocessing = 0;
		};
		7819F01A2936D89800A64670 /* Resources */ = {
			isa = PBXResourcesBuildPhase;
			buildActionMask = 2147483647;
			files = (
			);
			runOnlyForDeploymentPostprocessing = 0;
		};
		7819F0242936D89800A64670 /* Resources */ = {
			isa = PBXResourcesBuildPhase;
			buildActionMask = 2147483647;
			files = (
			);
			runOnlyForDeploymentPostprocessing = 0;
		};
/* End PBXResourcesBuildPhase section */

/* Begin PBXSourcesBuildPhase section */
		7819F0022936D89700A64670 /* Sources */ = {
			isa = PBXSourcesBuildPhase;
			buildActionMask = 2147483647;
			files = (
				7819F07A293AA6FC00A64670 /* TableViewController.swift in Sources */,
				7819F0582939262200A64670 /* VideoCapture.swift in Sources */,
				7819F0592939262400A64670 /* AVCaptureVideoOrientation+Extension.swift in Sources */,
				7819F0622939264200A64670 /* PoseNetOutput.swift in Sources */,
				7819F00E2936D89700A64670 /* ViewController.swift in Sources */,
				78C845112942D7BA00A65614 /* StartViewController.swift in Sources */,
				7819F07C293AA76300A64670 /* WorkoutsModel.swift in Sources */,
				7819F06A29392AA400A64670 /* PoseViewController.swift in Sources */,
				7819F0662939265600A64670 /* CGImage+Extension.swift in Sources */,
				78D939B1294541F4003A7777 /* TableViewAddCell.swift in Sources */,
				7819F05B2939262E00A64670 /* PopOverModalViewController.swift in Sources */,
				7819F0632939264400A64670 /* PoseNet.swift in Sources */,
				7819F00A2936D89700A64670 /* AppDelegate.swift in Sources */,
				7819F05C2939263300A64670 /* PoseBuilderConfiguration.swift in Sources */,
				7819F083293AB83000A64670 /* TableViewCell.swift in Sources */,
				78D939AE29453F9D003A7777 /* CollectionViewCell.swift in Sources */,
				78D939B529454D5F003A7777 /* TableViewAddWorkoutController.swift in Sources */,
				78D939B729454DEA003A7777 /* WorkoutBuilder.swift in Sources */,
				782917D52946831900B16CF4 /* TableViewScoreCell.swift in Sources */,
				7819F0602939263B00A64670 /* PoseBuilder+Multiple.swift in Sources */,
				7819F05A2939262C00A64670 /* ConfigurationViewController.swift in Sources */,
				7819F0642939264600A64670 /* PoseNetInput.swift in Sources */,
				7819F00C2936D89700A64670 /* SceneDelegate.swift in Sources */,
				7819F0612939263E00A64670 /* Joint.swift in Sources */,
				7819F05E2939263700A64670 /* Pose.swift in Sources */,
				7819F05F2939263900A64670 /* PoseBuilder+Single.swift in Sources */,
				78D939B329454BB7003A7777 /* TableViewPoseCell.swift in Sources */,
				7819F055293925DB00A64670 /* GradientOverlayView.swift in Sources */,
				7819F081293AA86E00A64670 /* WorkoutPose.swift in Sources */,
				7819F05D2939263500A64670 /* PoseBuilder.swift in Sources */,
				78C8450F293D7D5400A65614 /* yogapose.mlmodel in Sources */,
				7819F0652939265400A64670 /* CGPoint+Extension.swift in Sources */,
				7819F057293925E800A64670 /* PoseImageView.swift in Sources */,
				7819F07E293AA81400A64670 /* Workout.swift in Sources */,
				78C8450D293D611B00A65614 /* YogaPose.swift in Sources */,
				7819F06E2939669500A64670 /* PoseNetMobileNet075S16FP16.mlmodel in Sources */,
			);
			runOnlyForDeploymentPostprocessing = 0;
		};
		7819F0182936D89800A64670 /* Sources */ = {
			isa = PBXSourcesBuildPhase;
			buildActionMask = 2147483647;
			files = (
				7819F0212936D89800A64670 /* yogaPposeTests.swift in Sources */,
			);
			runOnlyForDeploymentPostprocessing = 0;
		};
		7819F0222936D89800A64670 /* Sources */ = {
			isa = PBXSourcesBuildPhase;
			buildActionMask = 2147483647;
			files = (
				7819F02D2936D89800A64670 /* yogaPposeUITestsLaunchTests.swift in Sources */,
				7819F02B2936D89800A64670 /* yogaPposeUITests.swift in Sources */,
			);
			runOnlyForDeploymentPostprocessing = 0;
		};
/* End PBXSourcesBuildPhase section */

/* Begin PBXTargetDependency section */
		7819F01E2936D89800A64670 /* PBXTargetDependency */ = {
			isa = PBXTargetDependency;
			target = 7819F0052936D89700A64670 /* yogaPpose */;
			targetProxy = 7819F01D2936D89800A64670 /* PBXContainerItemProxy */;
		};
		7819F0282936D89800A64670 /* PBXTargetDependency */ = {
			isa = PBXTargetDependency;
			target = 7819F0052936D89700A64670 /* yogaPpose */;
			targetProxy = 7819F0272936D89800A64670 /* PBXContainerItemProxy */;
		};
/* End PBXTargetDependency section */

/* Begin PBXVariantGroup section */
		7819F00F2936D89700A64670 /* Main.storyboard */ = {
			isa = PBXVariantGroup;
			children = (
				7819F0102936D89700A64670 /* Base */,
			);
			name = Main.storyboard;
			sourceTree = "<group>";
		};
		7819F0142936D89800A64670 /* LaunchScreen.storyboard */ = {
			isa = PBXVariantGroup;
			children = (
				7819F0152936D89800A64670 /* Base */,
			);
			name = LaunchScreen.storyboard;
			sourceTree = "<group>";
		};
/* End PBXVariantGroup section */

/* Begin XCBuildConfiguration section */
		7819F02E2936D89800A64670 /* Debug */ = {
			isa = XCBuildConfiguration;
			buildSettings = {
				ALWAYS_SEARCH_USER_PATHS = NO;
				CLANG_ANALYZER_NONNULL = YES;
				CLANG_ANALYZER_NUMBER_OBJECT_CONVERSION = YES_AGGRESSIVE;
				CLANG_CXX_LANGUAGE_STANDARD = "gnu++20";
				CLANG_ENABLE_MODULES = YES;
				CLANG_ENABLE_OBJC_ARC = YES;
				CLANG_ENABLE_OBJC_WEAK = YES;
				CLANG_WARN_BLOCK_CAPTURE_AUTORELEASING = YES;
				CLANG_WARN_BOOL_CONVERSION = YES;
				CLANG_WARN_COMMA = YES;
				CLANG_WARN_CONSTANT_CONVERSION = YES;
				CLANG_WARN_DEPRECATED_OBJC_IMPLEMENTATIONS = YES;
				CLANG_WARN_DIRECT_OBJC_ISA_USAGE = YES_ERROR;
				CLANG_WARN_DOCUMENTATION_COMMENTS = YES;
				CLANG_WARN_EMPTY_BODY = YES;
				CLANG_WARN_ENUM_CONVERSION = YES;
				CLANG_WARN_INFINITE_RECURSION = YES;
				CLANG_WARN_INT_CONVERSION = YES;
				CLANG_WARN_NON_LITERAL_NULL_CONVERSION = YES;
				CLANG_WARN_OBJC_IMPLICIT_RETAIN_SELF = YES;
				CLANG_WARN_OBJC_LITERAL_CONVERSION = YES;
				CLANG_WARN_OBJC_ROOT_CLASS = YES_ERROR;
				CLANG_WARN_QUOTED_INCLUDE_IN_FRAMEWORK_HEADER = YES;
				CLANG_WARN_RANGE_LOOP_ANALYSIS = YES;
				CLANG_WARN_STRICT_PROTOTYPES = YES;
				CLANG_WARN_SUSPICIOUS_MOVE = YES;
				CLANG_WARN_UNGUARDED_AVAILABILITY = YES_AGGRESSIVE;
				CLANG_WARN_UNREACHABLE_CODE = YES;
				CLANG_WARN__DUPLICATE_METHOD_MATCH = YES;
				COPY_PHASE_STRIP = NO;
				DEBUG_INFORMATION_FORMAT = dwarf;
				ENABLE_STRICT_OBJC_MSGSEND = YES;
				ENABLE_TESTABILITY = YES;
				GCC_C_LANGUAGE_STANDARD = gnu11;
				GCC_DYNAMIC_NO_PIC = NO;
				GCC_NO_COMMON_BLOCKS = YES;
				GCC_OPTIMIZATION_LEVEL = 0;
				GCC_PREPROCESSOR_DEFINITIONS = (
					"DEBUG=1",
					"$(inherited)",
				);
				GCC_WARN_64_TO_32_BIT_CONVERSION = YES;
				GCC_WARN_ABOUT_RETURN_TYPE = YES_ERROR;
				GCC_WARN_UNDECLARED_SELECTOR = YES;
				GCC_WARN_UNINITIALIZED_AUTOS = YES_AGGRESSIVE;
				GCC_WARN_UNUSED_FUNCTION = YES;
				GCC_WARN_UNUSED_VARIABLE = YES;
				IPHONEOS_DEPLOYMENT_TARGET = 16.0;
				MTL_ENABLE_DEBUG_INFO = INCLUDE_SOURCE;
				MTL_FAST_MATH = YES;
				ONLY_ACTIVE_ARCH = YES;
				SDKROOT = iphoneos;
				SWIFT_ACTIVE_COMPILATION_CONDITIONS = DEBUG;
				SWIFT_OPTIMIZATION_LEVEL = "-Onone";
			};
			name = Debug;
		};
		7819F02F2936D89800A64670 /* Release */ = {
			isa = XCBuildConfiguration;
			buildSettings = {
				ALWAYS_SEARCH_USER_PATHS = NO;
				CLANG_ANALYZER_NONNULL = YES;
				CLANG_ANALYZER_NUMBER_OBJECT_CONVERSION = YES_AGGRESSIVE;
				CLANG_CXX_LANGUAGE_STANDARD = "gnu++20";
				CLANG_ENABLE_MODULES = YES;
				CLANG_ENABLE_OBJC_ARC = YES;
				CLANG_ENABLE_OBJC_WEAK = YES;
				CLANG_WARN_BLOCK_CAPTURE_AUTORELEASING = YES;
				CLANG_WARN_BOOL_CONVERSION = YES;
				CLANG_WARN_COMMA = YES;
				CLANG_WARN_CONSTANT_CONVERSION = YES;
				CLANG_WARN_DEPRECATED_OBJC_IMPLEMENTATIONS = YES;
				CLANG_WARN_DIRECT_OBJC_ISA_USAGE = YES_ERROR;
				CLANG_WARN_DOCUMENTATION_COMMENTS = YES;
				CLANG_WARN_EMPTY_BODY = YES;
				CLANG_WARN_ENUM_CONVERSION = YES;
				CLANG_WARN_INFINITE_RECURSION = YES;
				CLANG_WARN_INT_CONVERSION = YES;
				CLANG_WARN_NON_LITERAL_NULL_CONVERSION = YES;
				CLANG_WARN_OBJC_IMPLICIT_RETAIN_SELF = YES;
				CLANG_WARN_OBJC_LITERAL_CONVERSION = YES;
				CLANG_WARN_OBJC_ROOT_CLASS = YES_ERROR;
				CLANG_WARN_QUOTED_INCLUDE_IN_FRAMEWORK_HEADER = YES;
				CLANG_WARN_RANGE_LOOP_ANALYSIS = YES;
				CLANG_WARN_STRICT_PROTOTYPES = YES;
				CLANG_WARN_SUSPICIOUS_MOVE = YES;
				CLANG_WARN_UNGUARDED_AVAILABILITY = YES_AGGRESSIVE;
				CLANG_WARN_UNREACHABLE_CODE = YES;
				CLANG_WARN__DUPLICATE_METHOD_MATCH = YES;
				COPY_PHASE_STRIP = NO;
				DEBUG_INFORMATION_FORMAT = "dwarf-with-dsym";
				ENABLE_NS_ASSERTIONS = NO;
				ENABLE_STRICT_OBJC_MSGSEND = YES;
				GCC_C_LANGUAGE_STANDARD = gnu11;
				GCC_NO_COMMON_BLOCKS = YES;
				GCC_WARN_64_TO_32_BIT_CONVERSION = YES;
				GCC_WARN_ABOUT_RETURN_TYPE = YES_ERROR;
				GCC_WARN_UNDECLARED_SELECTOR = YES;
				GCC_WARN_UNINITIALIZED_AUTOS = YES_AGGRESSIVE;
				GCC_WARN_UNUSED_FUNCTION = YES;
				GCC_WARN_UNUSED_VARIABLE = YES;
				IPHONEOS_DEPLOYMENT_TARGET = 16.0;
				MTL_ENABLE_DEBUG_INFO = NO;
				MTL_FAST_MATH = YES;
				SDKROOT = iphoneos;
				SWIFT_COMPILATION_MODE = wholemodule;
				SWIFT_OPTIMIZATION_LEVEL = "-O";
				VALIDATE_PRODUCT = YES;
			};
			name = Release;
		};
		7819F0312936D89800A64670 /* Debug */ = {
			isa = XCBuildConfiguration;
			buildSettings = {
				ASSETCATALOG_COMPILER_APPICON_NAME = AppIcon;
				ASSETCATALOG_COMPILER_GLOBAL_ACCENT_COLOR_NAME = AccentColor;
				CODE_SIGN_STYLE = Automatic;
				CURRENT_PROJECT_VERSION = 1;
				DEVELOPMENT_TEAM = 86MHT76G63;
				GENERATE_INFOPLIST_FILE = YES;
				INFOPLIST_FILE = yogaPpose/Info.plist;
				INFOPLIST_KEY_UIApplicationSupportsIndirectInputEvents = YES;
				INFOPLIST_KEY_UILaunchStoryboardName = LaunchScreen;
				INFOPLIST_KEY_UIMainStoryboardFile = Main;
				INFOPLIST_KEY_UISupportedInterfaceOrientations_iPad = "UIInterfaceOrientationPortrait UIInterfaceOrientationPortraitUpsideDown UIInterfaceOrientationLandscapeLeft UIInterfaceOrientationLandscapeRight";
				INFOPLIST_KEY_UISupportedInterfaceOrientations_iPhone = "UIInterfaceOrientationPortrait UIInterfaceOrientationLandscapeLeft UIInterfaceOrientationLandscapeRight";
				LD_RUNPATH_SEARCH_PATHS = (
					"$(inherited)",
					"@executable_path/Frameworks",
				);
				MARKETING_VERSION = 1.0;
				PRODUCT_BUNDLE_IDENTIFIER = smu.yogappose;
				PRODUCT_NAME = "$(TARGET_NAME)";
				SWIFT_EMIT_LOC_STRINGS = YES;
				SWIFT_VERSION = 5.0;
				TARGETED_DEVICE_FAMILY = "1,2";
			};
			name = Debug;
		};
		7819F0322936D89800A64670 /* Release */ = {
			isa = XCBuildConfiguration;
			buildSettings = {
				ASSETCATALOG_COMPILER_APPICON_NAME = AppIcon;
				ASSETCATALOG_COMPILER_GLOBAL_ACCENT_COLOR_NAME = AccentColor;
				CODE_SIGN_STYLE = Automatic;
				CURRENT_PROJECT_VERSION = 1;
				DEVELOPMENT_TEAM = 86MHT76G63;
				GENERATE_INFOPLIST_FILE = YES;
				INFOPLIST_FILE = yogaPpose/Info.plist;
				INFOPLIST_KEY_UIApplicationSupportsIndirectInputEvents = YES;
				INFOPLIST_KEY_UILaunchStoryboardName = LaunchScreen;
				INFOPLIST_KEY_UIMainStoryboardFile = Main;
				INFOPLIST_KEY_UISupportedInterfaceOrientations_iPad = "UIInterfaceOrientationPortrait UIInterfaceOrientationPortraitUpsideDown UIInterfaceOrientationLandscapeLeft UIInterfaceOrientationLandscapeRight";
				INFOPLIST_KEY_UISupportedInterfaceOrientations_iPhone = "UIInterfaceOrientationPortrait UIInterfaceOrientationLandscapeLeft UIInterfaceOrientationLandscapeRight";
				LD_RUNPATH_SEARCH_PATHS = (
					"$(inherited)",
					"@executable_path/Frameworks",
				);
				MARKETING_VERSION = 1.0;
				PRODUCT_BUNDLE_IDENTIFIER = smu.yogappose;
				PRODUCT_NAME = "$(TARGET_NAME)";
				SWIFT_EMIT_LOC_STRINGS = YES;
				SWIFT_VERSION = 5.0;
				TARGETED_DEVICE_FAMILY = "1,2";
			};
			name = Release;
		};
		7819F0342936D89800A64670 /* Debug */ = {
			isa = XCBuildConfiguration;
			buildSettings = {
				ALWAYS_EMBED_SWIFT_STANDARD_LIBRARIES = YES;
				BUNDLE_LOADER = "$(TEST_HOST)";
				CODE_SIGN_STYLE = Automatic;
				CURRENT_PROJECT_VERSION = 1;
				DEVELOPMENT_TEAM = 86MHT76G63;
				GENERATE_INFOPLIST_FILE = YES;
				IPHONEOS_DEPLOYMENT_TARGET = 16.1;
				MARKETING_VERSION = 1.0;
				PRODUCT_BUNDLE_IDENTIFIER = smu.yogaPposeTests;
				PRODUCT_NAME = "$(TARGET_NAME)";
				SWIFT_EMIT_LOC_STRINGS = NO;
				SWIFT_VERSION = 5.0;
				TARGETED_DEVICE_FAMILY = "1,2";
				TEST_HOST = "$(BUILT_PRODUCTS_DIR)/yogaPpose.app/$(BUNDLE_EXECUTABLE_FOLDER_PATH)/yogaPpose";
			};
			name = Debug;
		};
		7819F0352936D89800A64670 /* Release */ = {
			isa = XCBuildConfiguration;
			buildSettings = {
				ALWAYS_EMBED_SWIFT_STANDARD_LIBRARIES = YES;
				BUNDLE_LOADER = "$(TEST_HOST)";
				CODE_SIGN_STYLE = Automatic;
				CURRENT_PROJECT_VERSION = 1;
				DEVELOPMENT_TEAM = 86MHT76G63;
				GENERATE_INFOPLIST_FILE = YES;
				IPHONEOS_DEPLOYMENT_TARGET = 16.1;
				MARKETING_VERSION = 1.0;
				PRODUCT_BUNDLE_IDENTIFIER = smu.yogaPposeTests;
				PRODUCT_NAME = "$(TARGET_NAME)";
				SWIFT_EMIT_LOC_STRINGS = NO;
				SWIFT_VERSION = 5.0;
				TARGETED_DEVICE_FAMILY = "1,2";
				TEST_HOST = "$(BUILT_PRODUCTS_DIR)/yogaPpose.app/$(BUNDLE_EXECUTABLE_FOLDER_PATH)/yogaPpose";
			};
			name = Release;
		};
		7819F0372936D89800A64670 /* Debug */ = {
			isa = XCBuildConfiguration;
			buildSettings = {
				ALWAYS_EMBED_SWIFT_STANDARD_LIBRARIES = YES;
				CODE_SIGN_STYLE = Automatic;
				CURRENT_PROJECT_VERSION = 1;
				DEVELOPMENT_TEAM = 86MHT76G63;
				GENERATE_INFOPLIST_FILE = YES;
				MARKETING_VERSION = 1.0;
				PRODUCT_BUNDLE_IDENTIFIER = smu.yogaPposeUITests;
				PRODUCT_NAME = "$(TARGET_NAME)";
				SWIFT_EMIT_LOC_STRINGS = NO;
				SWIFT_VERSION = 5.0;
				TARGETED_DEVICE_FAMILY = "1,2";
				TEST_TARGET_NAME = yogaPpose;
			};
			name = Debug;
		};
		7819F0382936D89800A64670 /* Release */ = {
			isa = XCBuildConfiguration;
			buildSettings = {
				ALWAYS_EMBED_SWIFT_STANDARD_LIBRARIES = YES;
				CODE_SIGN_STYLE = Automatic;
				CURRENT_PROJECT_VERSION = 1;
				DEVELOPMENT_TEAM = 86MHT76G63;
				GENERATE_INFOPLIST_FILE = YES;
				MARKETING_VERSION = 1.0;
				PRODUCT_BUNDLE_IDENTIFIER = smu.yogaPposeUITests;
				PRODUCT_NAME = "$(TARGET_NAME)";
				SWIFT_EMIT_LOC_STRINGS = NO;
				SWIFT_VERSION = 5.0;
				TARGETED_DEVICE_FAMILY = "1,2";
				TEST_TARGET_NAME = yogaPpose;
			};
			name = Release;
		};
/* End XCBuildConfiguration section */

/* Begin XCConfigurationList section */
		7819F0012936D89700A64670 /* Build configuration list for PBXProject "yogaPpose" */ = {
			isa = XCConfigurationList;
			buildConfigurations = (
				7819F02E2936D89800A64670 /* Debug */,
				7819F02F2936D89800A64670 /* Release */,
			);
			defaultConfigurationIsVisible = 0;
			defaultConfigurationName = Release;
		};
		7819F0302936D89800A64670 /* Build configuration list for PBXNativeTarget "yogaPpose" */ = {
			isa = XCConfigurationList;
			buildConfigurations = (
				7819F0312936D89800A64670 /* Debug */,
				7819F0322936D89800A64670 /* Release */,
			);
			defaultConfigurationIsVisible = 0;
			defaultConfigurationName = Release;
		};
		7819F0332936D89800A64670 /* Build configuration list for PBXNativeTarget "yogaPposeTests" */ = {
			isa = XCConfigurationList;
			buildConfigurations = (
				7819F0342936D89800A64670 /* Debug */,
				7819F0352936D89800A64670 /* Release */,
			);
			defaultConfigurationIsVisible = 0;
			defaultConfigurationName = Release;
		};
		7819F0362936D89800A64670 /* Build configuration list for PBXNativeTarget "yogaPposeUITests" */ = {
			isa = XCConfigurationList;
			buildConfigurations = (
				7819F0372936D89800A64670 /* Debug */,
				7819F0382936D89800A64670 /* Release */,
			);
			defaultConfigurationIsVisible = 0;
			defaultConfigurationName = Release;
		};
/* End XCConfigurationList section */
	};
	rootObject = 7819EFFE2936D89700A64670 /* Project object */;
}
